{
  "object": {
    "pins": [
      {
        "package": "Alamofire",
        "repositoryURL": "https://github.com/Alamofire/Alamofire.git",
        "state": {
          "branch": null,
          "revision": "f455c2975872ccd2d9c81594c658af65716e9b9a",
          "version": "5.9.1"
        }
      },
      {
        "package": "Moya",
        "repositoryURL": "https://github.com/Moya/Moya.git",
        "state": {
          "branch": null,
          "revision": "c263811c1f3dbf002be9bd83107f7cdc38992b26",
          "version": "15.0.3"
        }
      },
      {
        "package": "Nimble",
        "repositoryURL": "https://github.com/Quick/Nimble",
        "state": {
          "branch": null,
          "revision": "e9d769113660769a4d9dd3afb855562c0b7ae7b0",
          "version": "7.3.4"
        }
      },
      {
        "package": "Quick",
        "repositoryURL": "https://github.com/Quick/Quick",
        "state": {
          "branch": null,
          "revision": "f2b5a06440ea87eba1a167cab37bf6496646c52e",
          "version": "1.3.4"
        }
      },
      {
        "package": "ReactiveSwift",
        "repositoryURL": "https://github.com/ReactiveCocoa/ReactiveSwift.git",
        "state": {
          "branch": null,
          "revision": "c43bae3dac73fdd3cb906bd5a1914686ca71ed3c",
          "version": "6.7.0"
        }
      },
      {
        "package": "RxSwift",
        "repositoryURL": "https://github.com/ReactiveX/RxSwift.git",
        "state": {
          "branch": null,
          "revision": "9dcaa4b333db437b0fbfaf453fad29069044a8b4",
          "version": "6.6.0"
        }
      },
      {
        "package": "Starscream",
        "repositoryURL": "https://github.com/daltoniam/Starscream.git",
        "state": {
          "branch": null,
          "revision": "c6bfd1af48efcc9a9ad203665db12375ba6b145a",
          "version": "4.0.8"
        }
      },
      {
        "package": "Swime",
        "repositoryURL": "https://github.com/sendyhalim/Swime",
        "state": {
          "branch": null,
          "revision": "4e538834483059ceefaaad8cdb3abe0d7d1c5146",
          "version": "3.1.0"
        }
      }
    ]
  },
  "version": 1
}
